// !$*UTF8*$!
{
	archiveVersion = 1;
	classes = {
	};
	objectVersion = 56;
	objects = {

/* Begin PBXBuildFile section */
		5FA4A8092BADE5F50072B834 /* CharacterTableViewController.swift in Sources */ = {isa = PBXBuildFile; fileRef = 5FA4A8082BADE5F50072B834 /* CharacterTableViewController.swift */; };
		5FA4A80B2BADE7910072B834 /* CharacterCell.swift in Sources */ = {isa = PBXBuildFile; fileRef = 5FA4A80A2BADE7910072B834 /* CharacterCell.swift */; };
		5FA4A80D2BADF0EE0072B834 /* CharacterDetailViewController.swift in Sources */ = {isa = PBXBuildFile; fileRef = 5FA4A80C2BADF0EE0072B834 /* CharacterDetailViewController.swift */; };
		D3679DB92BA9F2BD004508E3 /* AppDelegate.swift in Sources */ = {isa = PBXBuildFile; fileRef = D3679DB82BA9F2BD004508E3 /* AppDelegate.swift */; };
		D3679DBB2BA9F2BD004508E3 /* SceneDelegate.swift in Sources */ = {isa = PBXBuildFile; fileRef = D3679DBA2BA9F2BD004508E3 /* SceneDelegate.swift */; };
		D3679DC02BA9F2BD004508E3 /* Base in Resources */ = {isa = PBXBuildFile; fileRef = D3679DBF2BA9F2BD004508E3 /* Base */; };
		D3679DC22BA9F2BF004508E3 /* Assets.xcassets in Resources */ = {isa = PBXBuildFile; fileRef = D3679DC12BA9F2BF004508E3 /* Assets.xcassets */; };
		D3679DC52BA9F2BF004508E3 /* Base in Resources */ = {isa = PBXBuildFile; fileRef = D3679DC42BA9F2BF004508E3 /* Base */; };
		D3679DD02BA9F49D004508E3 /* rickymorty.json in Resources */ = {isa = PBXBuildFile; fileRef = D3679DCF2BA9F49D004508E3 /* rickymorty.json */; };
		D3679DD22BA9F53B004508E3 /* RickMortyModel.swift in Sources */ = {isa = PBXBuildFile; fileRef = D3679DD12BA9F53B004508E3 /* RickMortyModel.swift */; };
		D3679DD52BA9FDBB004508E3 /* RickMortyInteractor.swift in Sources */ = {isa = PBXBuildFile; fileRef = D3679DD42BA9FDBB004508E3 /* RickMortyInteractor.swift */; };
		D3679DFC2BAB510B004508E3 /* CharacterLogic.swift in Sources */ = {isa = PBXBuildFile; fileRef = D3679DFB2BAB510B004508E3 /* CharacterLogic.swift */; };
/* End PBXBuildFile section */

/* Begin PBXFileReference section */
		5FA4A8082BADE5F50072B834 /* CharacterTableViewController.swift */ = {isa = PBXFileReference; lastKnownFileType = sourcecode.swift; path = CharacterTableViewController.swift; sourceTree = "<group>"; };
		5FA4A80A2BADE7910072B834 /* CharacterCell.swift */ = {isa = PBXFileReference; lastKnownFileType = sourcecode.swift; path = CharacterCell.swift; sourceTree = "<group>"; };
		5FA4A80C2BADF0EE0072B834 /* CharacterDetailViewController.swift */ = {isa = PBXFileReference; lastKnownFileType = sourcecode.swift; path = CharacterDetailViewController.swift; sourceTree = "<group>"; };
		D3679DB52BA9F2BD004508E3 /* tutoria2.app */ = {isa = PBXFileReference; explicitFileType = wrapper.application; includeInIndex = 0; path = tutoria2.app; sourceTree = BUILT_PRODUCTS_DIR; };
		D3679DB82BA9F2BD004508E3 /* AppDelegate.swift */ = {isa = PBXFileReference; lastKnownFileType = sourcecode.swift; path = AppDelegate.swift; sourceTree = "<group>"; };
		D3679DBA2BA9F2BD004508E3 /* SceneDelegate.swift */ = {isa = PBXFileReference; lastKnownFileType = sourcecode.swift; path = SceneDelegate.swift; sourceTree = "<group>"; };
		D3679DBF2BA9F2BD004508E3 /* Base */ = {isa = PBXFileReference; lastKnownFileType = file.storyboard; name = Base; path = Base.lproj/Main.storyboard; sourceTree = "<group>"; };
		D3679DC12BA9F2BF004508E3 /* Assets.xcassets */ = {isa = PBXFileReference; lastKnownFileType = folder.assetcatalog; path = Assets.xcassets; sourceTree = "<group>"; };
		D3679DC42BA9F2BF004508E3 /* Base */ = {isa = PBXFileReference; lastKnownFileType = file.storyboard; name = Base; path = Base.lproj/LaunchScreen.storyboard; sourceTree = "<group>"; };
		D3679DC62BA9F2BF004508E3 /* Info.plist */ = {isa = PBXFileReference; lastKnownFileType = text.plist.xml; path = Info.plist; sourceTree = "<group>"; };
		D3679DCF2BA9F49D004508E3 /* rickymorty.json */ = {isa = PBXFileReference; fileEncoding = 4; lastKnownFileType = text.json; path = rickymorty.json; sourceTree = "<group>"; };
		D3679DD12BA9F53B004508E3 /* RickMortyModel.swift */ = {isa = PBXFileReference; lastKnownFileType = sourcecode.swift; path = RickMortyModel.swift; sourceTree = "<group>"; };
		D3679DD42BA9FDBB004508E3 /* RickMortyInteractor.swift */ = {isa = PBXFileReference; lastKnownFileType = sourcecode.swift; path = RickMortyInteractor.swift; sourceTree = "<group>"; };
		D3679DFB2BAB510B004508E3 /* CharacterLogic.swift */ = {isa = PBXFileReference; lastKnownFileType = sourcecode.swift; path = CharacterLogic.swift; sourceTree = "<group>"; };
/* End PBXFileReference section */

/* Begin PBXFrameworksBuildPhase section */
		D3679DB22BA9F2BD004508E3 /* Frameworks */ = {
			isa = PBXFrameworksBuildPhase;
			buildActionMask = 2147483647;
			files = (
			);
			runOnlyForDeploymentPostprocessing = 0;
		};
/* End PBXFrameworksBuildPhase section */

/* Begin PBXGroup section */
		D3679DAC2BA9F2BD004508E3 = {
			isa = PBXGroup;
			children = (
				D3679DB72BA9F2BD004508E3 /* tutoria2 */,
				D3679DB62BA9F2BD004508E3 /* Products */,
			);
			sourceTree = "<group>";
		};
		D3679DB62BA9F2BD004508E3 /* Products */ = {
			isa = PBXGroup;
			children = (
				D3679DB52BA9F2BD004508E3 /* tutoria2.app */,
			);
			name = Products;
			sourceTree = "<group>";
		};
		D3679DB72BA9F2BD004508E3 /* tutoria2 */ = {
			isa = PBXGroup;
			children = (
				D3679DBE2BA9F2BD004508E3 /* Main.storyboard */,
				5FA4A80C2BADF0EE0072B834 /* CharacterDetailViewController.swift */,
				5FA4A8082BADE5F50072B834 /* CharacterTableViewController.swift */,
				D3679DD62BAA0669004508E3 /* Logic */,
				D3679DD32BA9FD75004508E3 /* Interactor */,
				D3679DCE2BA9F40C004508E3 /* Model */,
				D3679DCD2BA9F3E1004508E3 /* Resources */,
				D3679DC12BA9F2BF004508E3 /* Assets.xcassets */,
				D3679DCC2BA9F33D004508E3 /* System */,
				5FA4A80A2BADE7910072B834 /* CharacterCell.swift */,
			);
			path = tutoria2;
			sourceTree = "<group>";
		};
		D3679DCC2BA9F33D004508E3 /* System */ = {
			isa = PBXGroup;
			children = (
				D3679DB82BA9F2BD004508E3 /* AppDelegate.swift */,
				D3679DBA2BA9F2BD004508E3 /* SceneDelegate.swift */,
				D3679DC32BA9F2BF004508E3 /* LaunchScreen.storyboard */,
				D3679DC62BA9F2BF004508E3 /* Info.plist */,
			);
			name = System;
			sourceTree = "<group>";
		};
		D3679DCD2BA9F3E1004508E3 /* Resources */ = {
			isa = PBXGroup;
			children = (
				D3679DCF2BA9F49D004508E3 /* rickymorty.json */,
			);
			name = Resources;
			sourceTree = "<group>";
		};
		D3679DCE2BA9F40C004508E3 /* Model */ = {
			isa = PBXGroup;
			children = (
				D3679DD12BA9F53B004508E3 /* RickMortyModel.swift */,
			);
			name = Model;
			sourceTree = "<group>";
		};
		D3679DD32BA9FD75004508E3 /* Interactor */ = {
			isa = PBXGroup;
			children = (
				D3679DD42BA9FDBB004508E3 /* RickMortyInteractor.swift */,
			);
			name = Interactor;
			sourceTree = "<group>";
		};
		D3679DD62BAA0669004508E3 /* Logic */ = {
			isa = PBXGroup;
			children = (
				D3679DFB2BAB510B004508E3 /* CharacterLogic.swift */,
			);
			name = Logic;
			sourceTree = "<group>";
		};
/* End PBXGroup section */

/* Begin PBXNativeTarget section */
		D3679DB42BA9F2BD004508E3 /* tutoria2 */ = {
			isa = PBXNativeTarget;
			buildConfigurationList = D3679DC92BA9F2BF004508E3 /* Build configuration list for PBXNativeTarget "tutoria2" */;
			buildPhases = (
				D3679DB12BA9F2BD004508E3 /* Sources */,
				D3679DB22BA9F2BD004508E3 /* Frameworks */,
				D3679DB32BA9F2BD004508E3 /* Resources */,
			);
			buildRules = (
			);
			dependencies = (
			);
			name = tutoria2;
			productName = tutoria2;
			productReference = D3679DB52BA9F2BD004508E3 /* tutoria2.app */;
			productType = "com.apple.product-type.application";
		};
/* End PBXNativeTarget section */

/* Begin PBXProject section */
		D3679DAD2BA9F2BD004508E3 /* Project object */ = {
			isa = PBXProject;
			attributes = {
				BuildIndependentTargetsInParallel = 1;
				LastSwiftUpdateCheck = 1530;
				LastUpgradeCheck = 1530;
				TargetAttributes = {
					D3679DB42BA9F2BD004508E3 = {
						CreatedOnToolsVersion = 15.3;
					};
				};
			};
			buildConfigurationList = D3679DB02BA9F2BD004508E3 /* Build configuration list for PBXProject "tutoria2" */;
			compatibilityVersion = "Xcode 14.0";
			developmentRegion = en;
			hasScannedForEncodings = 0;
			knownRegions = (
				en,
				Base,
			);
			mainGroup = D3679DAC2BA9F2BD004508E3;
			productRefGroup = D3679DB62BA9F2BD004508E3 /* Products */;
			projectDirPath = "";
			projectRoot = "";
			targets = (
				D3679DB42BA9F2BD004508E3 /* tutoria2 */,
			);
		};
/* End PBXProject section */

/* Begin PBXResourcesBuildPhase section */
		D3679DB32BA9F2BD004508E3 /* Resources */ = {
			isa = PBXResourcesBuildPhase;
			buildActionMask = 2147483647;
			files = (
				D3679DD02BA9F49D004508E3 /* rickymorty.json in Resources */,
				D3679DC22BA9F2BF004508E3 /* Assets.xcassets in Resources */,
				D3679DC52BA9F2BF004508E3 /* Base in Resources */,
				D3679DC02BA9F2BD004508E3 /* Base in Resources */,
			);
			runOnlyForDeploymentPostprocessing = 0;
		};
/* End PBXResourcesBuildPhase section */

/* Begin PBXSourcesBuildPhase section */
		D3679DB12BA9F2BD004508E3 /* Sources */ = {
			isa = PBXSourcesBuildPhase;
			buildActionMask = 2147483647;
			files = (
				D3679DD52BA9FDBB004508E3 /* RickMortyInteractor.swift in Sources */,
				5FA4A8092BADE5F50072B834 /* CharacterTableViewController.swift in Sources */,
				D3679DD22BA9F53B004508E3 /* RickMortyModel.swift in Sources */,
				5FA4A80B2BADE7910072B834 /* CharacterCell.swift in Sources */,
				D3679DB92BA9F2BD004508E3 /* AppDelegate.swift in Sources */,
				5FA4A80D2BADF0EE0072B834 /* CharacterDetailViewController.swift in Sources */,
				D3679DFC2BAB510B004508E3 /* CharacterLogic.swift in Sources */,
				D3679DBB2BA9F2BD004508E3 /* SceneDelegate.swift in Sources */,
			);
			runOnlyForDeploymentPostprocessing = 0;
		};
/* End PBXSourcesBuildPhase section */

/* Begin PBXVariantGroup section */
		D3679DBE2BA9F2BD004508E3 /* Main.storyboard */ = {
			isa = PBXVariantGroup;
			children = (
				D3679DBF2BA9F2BD004508E3 /* Base */,
			);
			name = Main.storyboard;
			sourceTree = "<group>";
		};
		D3679DC32BA9F2BF004508E3 /* LaunchScreen.storyboard */ = {
			isa = PBXVariantGroup;
			children = (
				D3679DC42BA9F2BF004508E3 /* Base */,
			);
			name = LaunchScreen.storyboard;
			sourceTree = "<group>";
		};
/* End PBXVariantGroup section */

/* Begin XCBuildConfiguration section */
		D3679DC72BA9F2BF004508E3 /* Debug */ = {
			isa = XCBuildConfiguration;
			buildSettings = {
				ALWAYS_SEARCH_USER_PATHS = NO;
				ASSETCATALOG_COMPILER_GENERATE_SWIFT_ASSET_SYMBOL_EXTENSIONS = YES;
				CLANG_ANALYZER_NONNULL = YES;
				CLANG_ANALYZER_NUMBER_OBJECT_CONVERSION = YES_AGGRESSIVE;
				CLANG_CXX_LANGUAGE_STANDARD = "gnu++20";
				CLANG_ENABLE_MODULES = YES;
				CLANG_ENABLE_OBJC_ARC = YES;
				CLANG_ENABLE_OBJC_WEAK = YES;
				CLANG_WARN_BLOCK_CAPTURE_AUTORELEASING = YES;
				CLANG_WARN_BOOL_CONVERSION = YES;
				CLANG_WARN_COMMA = YES;
				CLANG_WARN_CONSTANT_CONVERSION = YES;
				CLANG_WARN_DEPRECATED_OBJC_IMPLEMENTATIONS = YES;
				CLANG_WARN_DIRECT_OBJC_ISA_USAGE = YES_ERROR;
				CLANG_WARN_DOCUMENTATION_COMMENTS = YES;
				CLANG_WARN_EMPTY_BODY = YES;
				CLANG_WARN_ENUM_CONVERSION = YES;
				CLANG_WARN_INFINITE_RECURSION = YES;
				CLANG_WARN_INT_CONVERSION = YES;
				CLANG_WARN_NON_LITERAL_NULL_CONVERSION = YES;
				CLANG_WARN_OBJC_IMPLICIT_RETAIN_SELF = YES;
				CLANG_WARN_OBJC_LITERAL_CONVERSION = YES;
				CLANG_WARN_OBJC_ROOT_CLASS = YES_ERROR;
				CLANG_WARN_QUOTED_INCLUDE_IN_FRAMEWORK_HEADER = YES;
				CLANG_WARN_RANGE_LOOP_ANALYSIS = YES;
				CLANG_WARN_STRICT_PROTOTYPES = YES;
				CLANG_WARN_SUSPICIOUS_MOVE = YES;
				CLANG_WARN_UNGUARDED_AVAILABILITY = YES_AGGRESSIVE;
				CLANG_WARN_UNREACHABLE_CODE = YES;
				CLANG_WARN__DUPLICATE_METHOD_MATCH = YES;
				COPY_PHASE_STRIP = NO;
				DEBUG_INFORMATION_FORMAT = dwarf;
				ENABLE_STRICT_OBJC_MSGSEND = YES;
				ENABLE_TESTABILITY = YES;
				ENABLE_USER_SCRIPT_SANDBOXING = YES;
				GCC_C_LANGUAGE_STANDARD = gnu17;
				GCC_DYNAMIC_NO_PIC = NO;
				GCC_NO_COMMON_BLOCKS = YES;
				GCC_OPTIMIZATION_LEVEL = 0;
				GCC_PREPROCESSOR_DEFINITIONS = (
					"DEBUG=1",
					"$(inherited)",
				);
				GCC_WARN_64_TO_32_BIT_CONVERSION = YES;
				GCC_WARN_ABOUT_RETURN_TYPE = YES_ERROR;
				GCC_WARN_UNDECLARED_SELECTOR = YES;
				GCC_WARN_UNINITIALIZED_AUTOS = YES_AGGRESSIVE;
				GCC_WARN_UNUSED_FUNCTION = YES;
				GCC_WARN_UNUSED_VARIABLE = YES;
				IPHONEOS_DEPLOYMENT_TARGET = 17.4;
				LOCALIZATION_PREFERS_STRING_CATALOGS = YES;
				MTL_ENABLE_DEBUG_INFO = INCLUDE_SOURCE;
				MTL_FAST_MATH = YES;
				ONLY_ACTIVE_ARCH = YES;
				SDKROOT = iphoneos;
				SWIFT_ACTIVE_COMPILATION_CONDITIONS = "DEBUG $(inherited)";
				SWIFT_OPTIMIZATION_LEVEL = "-Onone";
			};
			name = Debug;
		};
		D3679DC82BA9F2BF004508E3 /* Release */ = {
			isa = XCBuildConfiguration;
			buildSettings = {
				ALWAYS_SEARCH_USER_PATHS = NO;
				ASSETCATALOG_COMPILER_GENERATE_SWIFT_ASSET_SYMBOL_EXTENSIONS = YES;
				CLANG_ANALYZER_NONNULL = YES;
				CLANG_ANALYZER_NUMBER_OBJECT_CONVERSION = YES_AGGRESSIVE;
				CLANG_CXX_LANGUAGE_STANDARD = "gnu++20";
				CLANG_ENABLE_MODULES = YES;
				CLANG_ENABLE_OBJC_ARC = YES;
				CLANG_ENABLE_OBJC_WEAK = YES;
				CLANG_WARN_BLOCK_CAPTURE_AUTORELEASING = YES;
				CLANG_WARN_BOOL_CONVERSION = YES;
				CLANG_WARN_COMMA = YES;
				CLANG_WARN_CONSTANT_CONVERSION = YES;
				CLANG_WARN_DEPRECATED_OBJC_IMPLEMENTATIONS = YES;
				CLANG_WARN_DIRECT_OBJC_ISA_USAGE = YES_ERROR;
				CLANG_WARN_DOCUMENTATION_COMMENTS = YES;
				CLANG_WARN_EMPTY_BODY = YES;
				CLANG_WARN_ENUM_CONVERSION = YES;
				CLANG_WARN_INFINITE_RECURSION = YES;
				CLANG_WARN_INT_CONVERSION = YES;
				CLANG_WARN_NON_LITERAL_NULL_CONVERSION = YES;
				CLANG_WARN_OBJC_IMPLICIT_RETAIN_SELF = YES;
				CLANG_WARN_OBJC_LITERAL_CONVERSION = YES;
				CLANG_WARN_OBJC_ROOT_CLASS = YES_ERROR;
				CLANG_WARN_QUOTED_INCLUDE_IN_FRAMEWORK_HEADER = YES;
				CLANG_WARN_RANGE_LOOP_ANALYSIS = YES;
				CLANG_WARN_STRICT_PROTOTYPES = YES;
				CLANG_WARN_SUSPICIOUS_MOVE = YES;
				CLANG_WARN_UNGUARDED_AVAILABILITY = YES_AGGRESSIVE;
				CLANG_WARN_UNREACHABLE_CODE = YES;
				CLANG_WARN__DUPLICATE_METHOD_MATCH = YES;
				COPY_PHASE_STRIP = NO;
				DEBUG_INFORMATION_FORMAT = "dwarf-with-dsym";
				ENABLE_NS_ASSERTIONS = NO;
				ENABLE_STRICT_OBJC_MSGSEND = YES;
				ENABLE_USER_SCRIPT_SANDBOXING = YES;
				GCC_C_LANGUAGE_STANDARD = gnu17;
				GCC_NO_COMMON_BLOCKS = YES;
				GCC_WARN_64_TO_32_BIT_CONVERSION = YES;
				GCC_WARN_ABOUT_RETURN_TYPE = YES_ERROR;
				GCC_WARN_UNDECLARED_SELECTOR = YES;
				GCC_WARN_UNINITIALIZED_AUTOS = YES_AGGRESSIVE;
				GCC_WARN_UNUSED_FUNCTION = YES;
				GCC_WARN_UNUSED_VARIABLE = YES;
				IPHONEOS_DEPLOYMENT_TARGET = 17.4;
				LOCALIZATION_PREFERS_STRING_CATALOGS = YES;
				MTL_ENABLE_DEBUG_INFO = NO;
				MTL_FAST_MATH = YES;
				SDKROOT = iphoneos;
				SWIFT_COMPILATION_MODE = wholemodule;
				VALIDATE_PRODUCT = YES;
			};
			name = Release;
		};
		D3679DCA2BA9F2BF004508E3 /* Debug */ = {
			isa = XCBuildConfiguration;
			buildSettings = {
				ASSETCATALOG_COMPILER_APPICON_NAME = AppIcon;
				ASSETCATALOG_COMPILER_GLOBAL_ACCENT_COLOR_NAME = AccentColor;
				CODE_SIGN_STYLE = Automatic;
				CURRENT_PROJECT_VERSION = 1;
				DEVELOPMENT_TEAM = L46T9NVJ2U;
				GENERATE_INFOPLIST_FILE = YES;
				INFOPLIST_FILE = tutoria2/Info.plist;
				INFOPLIST_KEY_UIApplicationSupportsIndirectInputEvents = YES;
				INFOPLIST_KEY_UILaunchStoryboardName = LaunchScreen;
				INFOPLIST_KEY_UIMainStoryboardFile = Main;
				INFOPLIST_KEY_UISupportedInterfaceOrientations_iPad = "UIInterfaceOrientationPortrait UIInterfaceOrientationPortraitUpsideDown UIInterfaceOrientationLandscapeLeft UIInterfaceOrientationLandscapeRight";
				INFOPLIST_KEY_UISupportedInterfaceOrientations_iPhone = "UIInterfaceOrientationPortrait UIInterfaceOrientationLandscapeLeft UIInterfaceOrientationLandscapeRight";
				LD_RUNPATH_SEARCH_PATHS = (
					"$(inherited)",
					"@executable_path/Frameworks",
				);
				MARKETING_VERSION = 1.0;
				PRODUCT_BUNDLE_IDENTIFIER = com.fmalourarte.tutoria2;
				PRODUCT_NAME = "$(TARGET_NAME)";
				SWIFT_EMIT_LOC_STRINGS = YES;
				SWIFT_VERSION = 5.0;
				TARGETED_DEVICE_FAMILY = "1,2";
			};
			name = Debug;
		};
		D3679DCB2BA9F2BF004508E3 /* Release */ = {
			isa = XCBuildConfiguration;
			buildSettings = {
				ASSETCATALOG_COMPILER_APPICON_NAME = AppIcon;
				ASSETCATALOG_COMPILER_GLOBAL_ACCENT_COLOR_NAME = AccentColor;
				CODE_SIGN_STYLE = Automatic;
				CURRENT_PROJECT_VERSION = 1;
				DEVELOPMENT_TEAM = L46T9NVJ2U;
				GENERATE_INFOPLIST_FILE = YES;
				INFOPLIST_FILE = tutoria2/Info.plist;
				INFOPLIST_KEY_UIApplicationSupportsIndirectInputEvents = YES;
				INFOPLIST_KEY_UILaunchStoryboardName = LaunchScreen;
				INFOPLIST_KEY_UIMainStoryboardFile = Main;
				INFOPLIST_KEY_UISupportedInterfaceOrientations_iPad = "UIInterfaceOrientationPortrait UIInterfaceOrientationPortraitUpsideDown UIInterfaceOrientationLandscapeLeft UIInterfaceOrientationLandscapeRight";
				INFOPLIST_KEY_UISupportedInterfaceOrientations_iPhone = "UIInterfaceOrientationPortrait UIInterfaceOrientationLandscapeLeft UIInterfaceOrientationLandscapeRight";
				LD_RUNPATH_SEARCH_PATHS = (
					"$(inherited)",
					"@executable_path/Frameworks",
				);
				MARKETING_VERSION = 1.0;
				PRODUCT_BUNDLE_IDENTIFIER = com.fmalourarte.tutoria2;
				PRODUCT_NAME = "$(TARGET_NAME)";
				SWIFT_EMIT_LOC_STRINGS = YES;
				SWIFT_VERSION = 5.0;
				TARGETED_DEVICE_FAMILY = "1,2";
			};
			name = Release;
		};
/* End XCBuildConfiguration section */

/* Begin XCConfigurationList section */
		D3679DB02BA9F2BD004508E3 /* Build configuration list for PBXProject "tutoria2" */ = {
			isa = XCConfigurationList;
			buildConfigurations = (
				D3679DC72BA9F2BF004508E3 /* Debug */,
				D3679DC82BA9F2BF004508E3 /* Release */,
			);
			defaultConfigurationIsVisible = 0;
			defaultConfigurationName = Release;
		};
		D3679DC92BA9F2BF004508E3 /* Build configuration list for PBXNativeTarget "tutoria2" */ = {
			isa = XCConfigurationList;
			buildConfigurations = (
				D3679DCA2BA9F2BF004508E3 /* Debug */,
				D3679DCB2BA9F2BF004508E3 /* Release */,
			);
			defaultConfigurationIsVisible = 0;
			defaultConfigurationName = Release;
		};
/* End XCConfigurationList section */
	};
	rootObject = D3679DAD2BA9F2BD004508E3 /* Project object */;
}
